
Microsoft Visual Studio Solution File, Format Version 12.00
# Visual Studio Version 16
VisualStudioVersion = 16.0.28803.202
MinimumVisualStudioVersion = 10.0.40219.1
Project("{8BC9CEB8-8B4A-11D0-8D11-00A0C91BC942}") = "喝汽水", "喝汽水\喝汽水.vcxproj", "{4512E546-CA90-4E4E-8128-850A5623EBA6}"
EndProject
Global
	GlobalSection(SolutionConfigurationPlatforms) = preSolution
		Debug|x64 = Debug|x64
		Debug|x86 = Debug|x86
		Release|x64 = Release|x64
		Release|x86 = Release|x86
	EndGlobalSection
	GlobalSection(ProjectConfigurationPlatforms) = postSolution
		{4512E546-CA90-4E4E-8128-850A5623EBA6}.Debug|x64.ActiveCfg = Debug|x64
		{4512E546-CA90-4E4E-8128-850A5623EBA6}.Debug|x64.Build.0 = Debug|x64
		{4512E546-CA90-4E4E-8128-850A5623EBA6}.Debug|x86.ActiveCfg = Debug|Win32
		{4512E546-CA90-4E4E-8128-850A5623EBA6}.Debug|x86.Build.0 = Debug|Win32
		{4512E546-CA90-4E4E-8128-850A5623EBA6}.Release|x64.ActiveCfg = Release|x64
		{4512E546-CA90-4E4E-8128-850A5623EBA6}.Release|x64.Build.0 = Release|x64
		{4512E546-CA90-4E4E-8128-850A5623EBA6}.Release|x86.ActiveCfg = Release|Win32
		{4512E546-CA90-4E4E-8128-850A5623EBA6}.Release|x86.Build.0 = Release|Win32
	EndGlobalSection
	GlobalSection(SolutionProperties) = preSolution
		HideSolutionNode = FALSE
	EndGlobalSection
	GlobalSection(ExtensibilityGlobals) = postSolution
		SolutionGuid = {4F4F11BE-B1E8-416E-AE0F-33A357653066}
	EndGlobalSection
EndGlobal
