
Microsoft Visual Studio Solution File, Format Version 12.00
# Visual Studio Version 16
VisualStudioVersion = 16.0.28803.156
MinimumVisualStudioVersion = 10.0.40219.1
Project("{8BC9CEB8-8B4A-11D0-8D11-00A0C91BC942}") = "奇数在偶数前面", "奇数在偶数前面\奇数在偶数前面.vcxproj", "{B80AE313-2BFB-4112-876D-6D1F0A9549AA}"
EndProject
Global
	GlobalSection(SolutionConfigurationPlatforms) = preSolution
		Debug|x64 = Debug|x64
		Debug|x86 = Debug|x86
		Release|x64 = Release|x64
		Release|x86 = Release|x86
	EndGlobalSection
	GlobalSection(ProjectConfigurationPlatforms) = postSolution
		{B80AE313-2BFB-4112-876D-6D1F0A9549AA}.Debug|x64.ActiveCfg = Debug|x64
		{B80AE313-2BFB-4112-876D-6D1F0A9549AA}.Debug|x64.Build.0 = Debug|x64
		{B80AE313-2BFB-4112-876D-6D1F0A9549AA}.Debug|x86.ActiveCfg = Debug|Win32
		{B80AE313-2BFB-4112-876D-6D1F0A9549AA}.Debug|x86.Build.0 = Debug|Win32
		{B80AE313-2BFB-4112-876D-6D1F0A9549AA}.Release|x64.ActiveCfg = Release|x64
		{B80AE313-2BFB-4112-876D-6D1F0A9549AA}.Release|x64.Build.0 = Release|x64
		{B80AE313-2BFB-4112-876D-6D1F0A9549AA}.Release|x86.ActiveCfg = Release|Win32
		{B80AE313-2BFB-4112-876D-6D1F0A9549AA}.Release|x86.Build.0 = Release|Win32
	EndGlobalSection
	GlobalSection(SolutionProperties) = preSolution
		HideSolutionNode = FALSE
	EndGlobalSection
	GlobalSection(ExtensibilityGlobals) = postSolution
		SolutionGuid = {D52ADF61-071F-49E8-9F8B-55C78384C5BE}
	EndGlobalSection
EndGlobal
