
Microsoft Visual Studio Solution File, Format Version 12.00
# Visual Studio 2013
VisualStudioVersion = 12.0.21005.1
MinimumVisualStudioVersion = 10.0.40219.1
Project("{8BC9CEB8-8B4A-11D0-8D11-00A0C91BC942}") = "函数素数", "函数素数\函数素数.vcxproj", "{5B961A40-ED90-4649-A8E2-C430CE5E8FB5}"
EndProject
Global
	GlobalSection(SolutionConfigurationPlatforms) = preSolution
		Debug|Win32 = Debug|Win32
		Release|Win32 = Release|Win32
	EndGlobalSection
	GlobalSection(ProjectConfigurationPlatforms) = postSolution
		{5B961A40-ED90-4649-A8E2-C430CE5E8FB5}.Debug|Win32.ActiveCfg = Debug|Win32
		{5B961A40-ED90-4649-A8E2-C430CE5E8FB5}.Debug|Win32.Build.0 = Debug|Win32
		{5B961A40-ED90-4649-A8E2-C430CE5E8FB5}.Release|Win32.ActiveCfg = Release|Win32
		{5B961A40-ED90-4649-A8E2-C430CE5E8FB5}.Release|Win32.Build.0 = Release|Win32
	EndGlobalSection
	GlobalSection(SolutionProperties) = preSolution
		HideSolutionNode = FALSE
	EndGlobalSection
EndGlobal
